# THIS IS AN AUTOGENERATED FILE. DO NOT EDIT THIS FILE DIRECTLY.
# yarn lockfile v1


react-loading-skeleton@^3.1.0:
  version "3.1.0"
  resolved "https://registry.yarnpkg.com/react-loading-skeleton/-/react-loading-skeleton-3.1.0.tgz#ce22942f1af77bfd60854417075792367f54f41e"
  integrity sha512-j1U1CWWs68nBPOg7tkQqnlFcAMFF6oEK6MgqAo15f8A5p7mjH6xyKn2gHbkcimpwfO0VQXqxAswnSYVr8lWzjw==
